// !$*UTF8*$!
{
	archiveVersion = 1;
	classes = {
	};
	objectVersion = 56;
	objects = {

/* Begin PBXBuildFile section */
		AE2BC7E62C3E58EA00758437 /* AppDelegate.swift in Sources */ = {isa = PBXBuildFile; fileRef = AE2BC7E52C3E58EA00758437 /* AppDelegate.swift */; };
		AE2BC7EA2C3E58EA00758437 /* ViewController.swift in Sources */ = {isa = PBXBuildFile; fileRef = AE2BC7E92C3E58EA00758437 /* ViewController.swift */; };
		AE2BC7ED2C3E58EA00758437 /* Main.storyboard in Resources */ = {isa = PBXBuildFile; fileRef = AE2BC7EB2C3E58EA00758437 /* Main.storyboard */; };
		AE2BC7EF2C3E58EB00758437 /* Assets.xcassets in Resources */ = {isa = PBXBuildFile; fileRef = AE2BC7EE2C3E58EB00758437 /* Assets.xcassets */; };
		AE2BC7F22C3E58EB00758437 /* LaunchScreen.storyboard in Resources */ = {isa = PBXBuildFile; fileRef = AE2BC7F02C3E58EB00758437 /* LaunchScreen.storyboard */; };
		AE2BC7FD2C3E58EB00758437 /* RotatorExampleTests.swift in Sources */ = {isa = PBXBuildFile; fileRef = AE2BC7FC2C3E58EB00758437 /* RotatorExampleTests.swift */; };
		AE2BC8072C3E58EB00758437 /* RotatorExampleUITests.swift in Sources */ = {isa = PBXBuildFile; fileRef = AE2BC8062C3E58EB00758437 /* RotatorExampleUITests.swift */; };
		AE2BC8092C3E58EB00758437 /* RotatorExampleUITestsLaunchTests.swift in Sources */ = {isa = PBXBuildFile; fileRef = AE2BC8082C3E58EB00758437 /* RotatorExampleUITestsLaunchTests.swift */; };
		AE2BC8162C3E5C1700758437 /* RotatorVC.swift in Sources */ = {isa = PBXBuildFile; fileRef = AE2BC8152C3E5C1700758437 /* RotatorVC.swift */; };
		AE7C25872C4666740097AC78 /* SparkRotator.swift in Sources */ = {isa = PBXBuildFile; fileRef = AE7C25862C4666740097AC78 /* SparkRotator.swift */; };
		E7CD8F63B49FCCD6E3E7A303 /* Pods_RotatorExample.framework in Frameworks */ = {isa = PBXBuildFile; fileRef = C45C8134AF1FBC8C2492776D /* Pods_RotatorExample.framework */; };
/* End PBXBuildFile section */

/* Begin PBXContainerItemProxy section */
		AE2BC7F92C3E58EB00758437 /* PBXContainerItemProxy */ = {
			isa = PBXContainerItemProxy;
			containerPortal = AE2BC7DA2C3E58EA00758437 /* Project object */;
			proxyType = 1;
			remoteGlobalIDString = AE2BC7E12C3E58EA00758437;
			remoteInfo = RotatorExample;
		};
		AE2BC8032C3E58EB00758437 /* PBXContainerItemProxy */ = {
			isa = PBXContainerItemProxy;
			containerPortal = AE2BC7DA2C3E58EA00758437 /* Project object */;
			proxyType = 1;
			remoteGlobalIDString = AE2BC7E12C3E58EA00758437;
			remoteInfo = RotatorExample;
		};
/* End PBXContainerItemProxy section */

/* Begin PBXFileReference section */
		784F30FEE78B6C6269E2FE9C /* Pods-RotatorExample.release.xcconfig */ = {isa = PBXFileReference; includeInIndex = 1; lastKnownFileType = text.xcconfig; name = "Pods-RotatorExample.release.xcconfig"; path = "Target Support Files/Pods-RotatorExample/Pods-RotatorExample.release.xcconfig"; sourceTree = "<group>"; };
		AE2BC7E22C3E58EA00758437 /* RotatorExample.app */ = {isa = PBXFileReference; explicitFileType = wrapper.application; includeInIndex = 0; path = RotatorExample.app; sourceTree = BUILT_PRODUCTS_DIR; };
		AE2BC7E52C3E58EA00758437 /* AppDelegate.swift */ = {isa = PBXFileReference; lastKnownFileType = sourcecode.swift; path = AppDelegate.swift; sourceTree = "<group>"; };
		AE2BC7E92C3E58EA00758437 /* ViewController.swift */ = {isa = PBXFileReference; lastKnownFileType = sourcecode.swift; path = ViewController.swift; sourceTree = "<group>"; };
		AE2BC7EC2C3E58EA00758437 /* Base */ = {isa = PBXFileReference; lastKnownFileType = file.storyboard; name = Base; path = Base.lproj/Main.storyboard; sourceTree = "<group>"; };
		AE2BC7EE2C3E58EB00758437 /* Assets.xcassets */ = {isa = PBXFileReference; lastKnownFileType = folder.assetcatalog; path = Assets.xcassets; sourceTree = "<group>"; };
		AE2BC7F12C3E58EB00758437 /* Base */ = {isa = PBXFileReference; lastKnownFileType = file.storyboard; name = Base; path = Base.lproj/LaunchScreen.storyboard; sourceTree = "<group>"; };
		AE2BC7F32C3E58EB00758437 /* Info.plist */ = {isa = PBXFileReference; lastKnownFileType = text.plist.xml; path = Info.plist; sourceTree = "<group>"; };
		AE2BC7F82C3E58EB00758437 /* RotatorExampleTests.xctest */ = {isa = PBXFileReference; explicitFileType = wrapper.cfbundle; includeInIndex = 0; path = RotatorExampleTests.xctest; sourceTree = BUILT_PRODUCTS_DIR; };
		AE2BC7FC2C3E58EB00758437 /* RotatorExampleTests.swift */ = {isa = PBXFileReference; lastKnownFileType = sourcecode.swift; path = RotatorExampleTests.swift; sourceTree = "<group>"; };
		AE2BC8022C3E58EB00758437 /* RotatorExampleUITests.xctest */ = {isa = PBXFileReference; explicitFileType = wrapper.cfbundle; includeInIndex = 0; path = RotatorExampleUITests.xctest; sourceTree = BUILT_PRODUCTS_DIR; };
		AE2BC8062C3E58EB00758437 /* RotatorExampleUITests.swift */ = {isa = PBXFileReference; lastKnownFileType = sourcecode.swift; path = RotatorExampleUITests.swift; sourceTree = "<group>"; };
		AE2BC8082C3E58EB00758437 /* RotatorExampleUITestsLaunchTests.swift */ = {isa = PBXFileReference; lastKnownFileType = sourcecode.swift; path = RotatorExampleUITestsLaunchTests.swift; sourceTree = "<group>"; };
		AE2BC8152C3E5C1700758437 /* RotatorVC.swift */ = {isa = PBXFileReference; lastKnownFileType = sourcecode.swift; path = RotatorVC.swift; sourceTree = "<group>"; };
		AE7C25862C4666740097AC78 /* SparkRotator.swift */ = {isa = PBXFileReference; lastKnownFileType = sourcecode.swift; path = SparkRotator.swift; sourceTree = "<group>"; };
		C45C8134AF1FBC8C2492776D /* Pods_RotatorExample.framework */ = {isa = PBXFileReference; explicitFileType = wrapper.framework; includeInIndex = 0; path = Pods_RotatorExample.framework; sourceTree = BUILT_PRODUCTS_DIR; };
		D37E3B9BFFB64044C866C0E1 /* Pods-RotatorExample.debug.xcconfig */ = {isa = PBXFileReference; includeInIndex = 1; lastKnownFileType = text.xcconfig; name = "Pods-RotatorExample.debug.xcconfig"; path = "Target Support Files/Pods-RotatorExample/Pods-RotatorExample.debug.xcconfig"; sourceTree = "<group>"; };
/* End PBXFileReference section */

/* Begin PBXFrameworksBuildPhase section */
		AE2BC7DF2C3E58EA00758437 /* Frameworks */ = {
			isa = PBXFrameworksBuildPhase;
			buildActionMask = 2147483647;
			files = (
				E7CD8F63B49FCCD6E3E7A303 /* Pods_RotatorExample.framework in Frameworks */,
			);
			runOnlyForDeploymentPostprocessing = 0;
		};
		AE2BC7F52C3E58EB00758437 /* Frameworks */ = {
			isa = PBXFrameworksBuildPhase;
			buildActionMask = 2147483647;
			files = (
			);
			runOnlyForDeploymentPostprocessing = 0;
		};
		AE2BC7FF2C3E58EB00758437 /* Frameworks */ = {
			isa = PBXFrameworksBuildPhase;
			buildActionMask = 2147483647;
			files = (
			);
			runOnlyForDeploymentPostprocessing = 0;
		};
/* End PBXFrameworksBuildPhase section */

/* Begin PBXGroup section */
		27A7F3675EF85F57693A46AD /* Frameworks */ = {
			isa = PBXGroup;
			children = (
				C45C8134AF1FBC8C2492776D /* Pods_RotatorExample.framework */,
			);
			name = Frameworks;
			sourceTree = "<group>";
		};
		3D18D9349C5CBA87EE71E8C2 /* Pods */ = {
			isa = PBXGroup;
			children = (
				D37E3B9BFFB64044C866C0E1 /* Pods-RotatorExample.debug.xcconfig */,
				784F30FEE78B6C6269E2FE9C /* Pods-RotatorExample.release.xcconfig */,
			);
			path = Pods;
			sourceTree = "<group>";
		};
		AE2BC7D92C3E58EA00758437 = {
			isa = PBXGroup;
			children = (
				AE2BC7E42C3E58EA00758437 /* RotatorExample */,
				AE2BC7FB2C3E58EB00758437 /* RotatorExampleTests */,
				AE2BC8052C3E58EB00758437 /* RotatorExampleUITests */,
				AE2BC7E32C3E58EA00758437 /* Products */,
				3D18D9349C5CBA87EE71E8C2 /* Pods */,
				27A7F3675EF85F57693A46AD /* Frameworks */,
			);
			sourceTree = "<group>";
		};
		AE2BC7E32C3E58EA00758437 /* Products */ = {
			isa = PBXGroup;
			children = (
				AE2BC7E22C3E58EA00758437 /* RotatorExample.app */,
				AE2BC7F82C3E58EB00758437 /* RotatorExampleTests.xctest */,
				AE2BC8022C3E58EB00758437 /* RotatorExampleUITests.xctest */,
			);
			name = Products;
			sourceTree = "<group>";
		};
		AE2BC7E42C3E58EA00758437 /* RotatorExample */ = {
			isa = PBXGroup;
			children = (
				AE7C25852C465B860097AC78 /* SparkRotator */,
				AE2BC7E52C3E58EA00758437 /* AppDelegate.swift */,
				AE2BC7E92C3E58EA00758437 /* ViewController.swift */,
				AE2BC8152C3E5C1700758437 /* RotatorVC.swift */,
				AE2BC7EB2C3E58EA00758437 /* Main.storyboard */,
				AE2BC7EE2C3E58EB00758437 /* Assets.xcassets */,
				AE2BC7F02C3E58EB00758437 /* LaunchScreen.storyboard */,
				AE2BC7F32C3E58EB00758437 /* Info.plist */,
			);
			path = RotatorExample;
			sourceTree = "<group>";
		};
		AE2BC7FB2C3E58EB00758437 /* RotatorExampleTests */ = {
			isa = PBXGroup;
			children = (
				AE2BC7FC2C3E58EB00758437 /* RotatorExampleTests.swift */,
			);
			path = RotatorExampleTests;
			sourceTree = "<group>";
		};
		AE2BC8052C3E58EB00758437 /* RotatorExampleUITests */ = {
			isa = PBXGroup;
			children = (
				AE2BC8062C3E58EB00758437 /* RotatorExampleUITests.swift */,
				AE2BC8082C3E58EB00758437 /* RotatorExampleUITestsLaunchTests.swift */,
			);
			path = RotatorExampleUITests;
			sourceTree = "<group>";
		};
		AE7C25852C465B860097AC78 /* SparkRotator */ = {
			isa = PBXGroup;
			children = (
				AE7C25862C4666740097AC78 /* SparkRotator.swift */,
			);
			name = SparkRotator;
			sourceTree = "<group>";
		};
/* End PBXGroup section */

/* Begin PBXNativeTarget section */
		AE2BC7E12C3E58EA00758437 /* RotatorExample */ = {
			isa = PBXNativeTarget;
			buildConfigurationList = AE2BC80C2C3E58EB00758437 /* Build configuration list for PBXNativeTarget "RotatorExample" */;
			buildPhases = (
				BDB94F7A241BBEB1DFD99B36 /* [CP] Check Pods Manifest.lock */,
				AE2BC7DE2C3E58EA00758437 /* Sources */,
				AE2BC7DF2C3E58EA00758437 /* Frameworks */,
				AE2BC7E02C3E58EA00758437 /* Resources */,
				8F721CB60A6F48B348E5A48D /* [CP] Embed Pods Frameworks */,
			);
			buildRules = (
			);
			dependencies = (
			);
			name = RotatorExample;
			productName = RotatorExample;
			productReference = AE2BC7E22C3E58EA00758437 /* RotatorExample.app */;
			productType = "com.apple.product-type.application";
		};
		AE2BC7F72C3E58EB00758437 /* RotatorExampleTests */ = {
			isa = PBXNativeTarget;
			buildConfigurationList = AE2BC80F2C3E58EB00758437 /* Build configuration list for PBXNativeTarget "RotatorExampleTests" */;
			buildPhases = (
				AE2BC7F42C3E58EB00758437 /* Sources */,
				AE2BC7F52C3E58EB00758437 /* Frameworks */,
				AE2BC7F62C3E58EB00758437 /* Resources */,
			);
			buildRules = (
			);
			dependencies = (
				AE2BC7FA2C3E58EB00758437 /* PBXTargetDependency */,
			);
			name = RotatorExampleTests;
			productName = RotatorExampleTests;
			productReference = AE2BC7F82C3E58EB00758437 /* RotatorExampleTests.xctest */;
			productType = "com.apple.product-type.bundle.unit-test";
		};
		AE2BC8012C3E58EB00758437 /* RotatorExampleUITests */ = {
			isa = PBXNativeTarget;
			buildConfigurationList = AE2BC8122C3E58EB00758437 /* Build configuration list for PBXNativeTarget "RotatorExampleUITests" */;
			buildPhases = (
				AE2BC7FE2C3E58EB00758437 /* Sources */,
				AE2BC7FF2C3E58EB00758437 /* Frameworks */,
				AE2BC8002C3E58EB00758437 /* Resources */,
			);
			buildRules = (
			);
			dependencies = (
				AE2BC8042C3E58EB00758437 /* PBXTargetDependency */,
			);
			name = RotatorExampleUITests;
			productName = RotatorExampleUITests;
			productReference = AE2BC8022C3E58EB00758437 /* RotatorExampleUITests.xctest */;
			productType = "com.apple.product-type.bundle.ui-testing";
		};
/* End PBXNativeTarget section */

/* Begin PBXProject section */
		AE2BC7DA2C3E58EA00758437 /* Project object */ = {
			isa = PBXProject;
			attributes = {
				BuildIndependentTargetsInParallel = 1;
				LastSwiftUpdateCheck = 1510;
				LastUpgradeCheck = 1510;
				TargetAttributes = {
					AE2BC7E12C3E58EA00758437 = {
						CreatedOnToolsVersion = 15.1;
					};
					AE2BC7F72C3E58EB00758437 = {
						CreatedOnToolsVersion = 15.1;
						TestTargetID = AE2BC7E12C3E58EA00758437;
					};
					AE2BC8012C3E58EB00758437 = {
						CreatedOnToolsVersion = 15.1;
						TestTargetID = AE2BC7E12C3E58EA00758437;
					};
				};
			};
			buildConfigurationList = AE2BC7DD2C3E58EA00758437 /* Build configuration list for PBXProject "RotatorExample" */;
			compatibilityVersion = "Xcode 14.0";
			developmentRegion = en;
			hasScannedForEncodings = 0;
			knownRegions = (
				en,
				Base,
			);
			mainGroup = AE2BC7D92C3E58EA00758437;
			productRefGroup = AE2BC7E32C3E58EA00758437 /* Products */;
			projectDirPath = "";
			projectRoot = "";
			targets = (
				AE2BC7E12C3E58EA00758437 /* RotatorExample */,
				AE2BC7F72C3E58EB00758437 /* RotatorExampleTests */,
				AE2BC8012C3E58EB00758437 /* RotatorExampleUITests */,
			);
		};
/* End PBXProject section */

/* Begin PBXResourcesBuildPhase section */
		AE2BC7E02C3E58EA00758437 /* Resources */ = {
			isa = PBXResourcesBuildPhase;
			buildActionMask = 2147483647;
			files = (
				AE2BC7F22C3E58EB00758437 /* LaunchScreen.storyboard in Resources */,
				AE2BC7EF2C3E58EB00758437 /* Assets.xcassets in Resources */,
				AE2BC7ED2C3E58EA00758437 /* Main.storyboard in Resources */,
			);
			runOnlyForDeploymentPostprocessing = 0;
		};
		AE2BC7F62C3E58EB00758437 /* Resources */ = {
			isa = PBXResourcesBuildPhase;
			buildActionMask = 2147483647;
			files = (
			);
			runOnlyForDeploymentPostprocessing = 0;
		};
		AE2BC8002C3E58EB00758437 /* Resources */ = {
			isa = PBXResourcesBuildPhase;
			buildActionMask = 2147483647;
			files = (
			);
			runOnlyForDeploymentPostprocessing = 0;
		};
/* End PBXResourcesBuildPhase section */

/* Begin PBXShellScriptBuildPhase section */
		8F721CB60A6F48B348E5A48D /* [CP] Embed Pods Frameworks */ = {
			isa = PBXShellScriptBuildPhase;
			buildActionMask = 2147483647;
			files = (
			);
			inputFileListPaths = (
				"${PODS_ROOT}/Target Support Files/Pods-RotatorExample/Pods-RotatorExample-frameworks-${CONFIGURATION}-input-files.xcfilelist",
			);
			name = "[CP] Embed Pods Frameworks";
			outputFileListPaths = (
				"${PODS_ROOT}/Target Support Files/Pods-RotatorExample/Pods-RotatorExample-frameworks-${CONFIGURATION}-output-files.xcfilelist",
			);
			runOnlyForDeploymentPostprocessing = 0;
			shellPath = /bin/sh;
			shellScript = "\"${PODS_ROOT}/Target Support Files/Pods-RotatorExample/Pods-RotatorExample-frameworks.sh\"\n";
			showEnvVarsInLog = 0;
		};
		BDB94F7A241BBEB1DFD99B36 /* [CP] Check Pods Manifest.lock */ = {
			isa = PBXShellScriptBuildPhase;
			buildActionMask = 2147483647;
			files = (
			);
			inputFileListPaths = (
			);
			inputPaths = (
				"${PODS_PODFILE_DIR_PATH}/Podfile.lock",
				"${PODS_ROOT}/Manifest.lock",
			);
			name = "[CP] Check Pods Manifest.lock";
			outputFileListPaths = (
			);
			outputPaths = (
				"$(DERIVED_FILE_DIR)/Pods-RotatorExample-checkManifestLockResult.txt",
			);
			runOnlyForDeploymentPostprocessing = 0;
			shellPath = /bin/sh;
			shellScript = "diff \"${PODS_PODFILE_DIR_PATH}/Podfile.lock\" \"${PODS_ROOT}/Manifest.lock\" > /dev/null\nif [ $? != 0 ] ; then\n    # print error to STDERR\n    echo \"error: The sandbox is not in sync with the Podfile.lock. Run 'pod install' or update your CocoaPods installation.\" >&2\n    exit 1\nfi\n# This output is used by Xcode 'outputs' to avoid re-running this script phase.\necho \"SUCCESS\" > \"${SCRIPT_OUTPUT_FILE_0}\"\n";
			showEnvVarsInLog = 0;
		};
/* End PBXShellScriptBuildPhase section */

/* Begin PBXSourcesBuildPhase section */
		AE2BC7DE2C3E58EA00758437 /* Sources */ = {
			isa = PBXSourcesBuildPhase;
			buildActionMask = 2147483647;
			files = (
				AE2BC7EA2C3E58EA00758437 /* ViewController.swift in Sources */,
				AE7C25872C4666740097AC78 /* SparkRotator.swift in Sources */,
				AE2BC8162C3E5C1700758437 /* RotatorVC.swift in Sources */,
				AE2BC7E62C3E58EA00758437 /* AppDelegate.swift in Sources */,
			);
			runOnlyForDeploymentPostprocessing = 0;
		};
		AE2BC7F42C3E58EB00758437 /* Sources */ = {
			isa = PBXSourcesBuildPhase;
			buildActionMask = 2147483647;
			files = (
				AE2BC7FD2C3E58EB00758437 /* RotatorExampleTests.swift in Sources */,
			);
			runOnlyForDeploymentPostprocessing = 0;
		};
		AE2BC7FE2C3E58EB00758437 /* Sources */ = {
			isa = PBXSourcesBuildPhase;
			buildActionMask = 2147483647;
			files = (
				AE2BC8072C3E58EB00758437 /* RotatorExampleUITests.swift in Sources */,
				AE2BC8092C3E58EB00758437 /* RotatorExampleUITestsLaunchTests.swift in Sources */,
			);
			runOnlyForDeploymentPostprocessing = 0;
		};
/* End PBXSourcesBuildPhase section */

/* Begin PBXTargetDependency section */
		AE2BC7FA2C3E58EB00758437 /* PBXTargetDependency */ = {
			isa = PBXTargetDependency;
			target = AE2BC7E12C3E58EA00758437 /* RotatorExample */;
			targetProxy = AE2BC7F92C3E58EB00758437 /* PBXContainerItemProxy */;
		};
		AE2BC8042C3E58EB00758437 /* PBXTargetDependency */ = {
			isa = PBXTargetDependency;
			target = AE2BC7E12C3E58EA00758437 /* RotatorExample */;
			targetProxy = AE2BC8032C3E58EB00758437 /* PBXContainerItemProxy */;
		};
/* End PBXTargetDependency section */

/* Begin PBXVariantGroup section */
		AE2BC7EB2C3E58EA00758437 /* Main.storyboard */ = {
			isa = PBXVariantGroup;
			children = (
				AE2BC7EC2C3E58EA00758437 /* Base */,
			);
			name = Main.storyboard;
			sourceTree = "<group>";
		};
		AE2BC7F02C3E58EB00758437 /* LaunchScreen.storyboard */ = {
			isa = PBXVariantGroup;
			children = (
				AE2BC7F12C3E58EB00758437 /* Base */,
			);
			name = LaunchScreen.storyboard;
			sourceTree = "<group>";
		};
/* End PBXVariantGroup section */

/* Begin XCBuildConfiguration section */
		AE2BC80A2C3E58EB00758437 /* Debug */ = {
			isa = XCBuildConfiguration;
			buildSettings = {
				ALWAYS_SEARCH_USER_PATHS = NO;
				ASSETCATALOG_COMPILER_GENERATE_SWIFT_ASSET_SYMBOL_EXTENSIONS = YES;
				CLANG_ANALYZER_NONNULL = YES;
				CLANG_ANALYZER_NUMBER_OBJECT_CONVERSION = YES_AGGRESSIVE;
				CLANG_CXX_LANGUAGE_STANDARD = "gnu++20";
				CLANG_ENABLE_MODULES = YES;
				CLANG_ENABLE_OBJC_ARC = YES;
				CLANG_ENABLE_OBJC_WEAK = YES;
				CLANG_WARN_BLOCK_CAPTURE_AUTORELEASING = YES;
				CLANG_WARN_BOOL_CONVERSION = YES;
				CLANG_WARN_COMMA = YES;
				CLANG_WARN_CONSTANT_CONVERSION = YES;
				CLANG_WARN_DEPRECATED_OBJC_IMPLEMENTATIONS = YES;
				CLANG_WARN_DIRECT_OBJC_ISA_USAGE = YES_ERROR;
				CLANG_WARN_DOCUMENTATION_COMMENTS = YES;
				CLANG_WARN_EMPTY_BODY = YES;
				CLANG_WARN_ENUM_CONVERSION = YES;
				CLANG_WARN_INFINITE_RECURSION = YES;
				CLANG_WARN_INT_CONVERSION = YES;
				CLANG_WARN_NON_LITERAL_NULL_CONVERSION = YES;
				CLANG_WARN_OBJC_IMPLICIT_RETAIN_SELF = YES;
				CLANG_WARN_OBJC_LITERAL_CONVERSION = YES;
				CLANG_WARN_OBJC_ROOT_CLASS = YES_ERROR;
				CLANG_WARN_QUOTED_INCLUDE_IN_FRAMEWORK_HEADER = YES;
				CLANG_WARN_RANGE_LOOP_ANALYSIS = YES;
				CLANG_WARN_STRICT_PROTOTYPES = YES;
				CLANG_WARN_SUSPICIOUS_MOVE = YES;
				CLANG_WARN_UNGUARDED_AVAILABILITY = YES_AGGRESSIVE;
				CLANG_WARN_UNREACHABLE_CODE = YES;
				CLANG_WARN__DUPLICATE_METHOD_MATCH = YES;
				COPY_PHASE_STRIP = NO;
				DEBUG_INFORMATION_FORMAT = dwarf;
				ENABLE_STRICT_OBJC_MSGSEND = YES;
				ENABLE_TESTABILITY = YES;
				ENABLE_USER_SCRIPT_SANDBOXING = YES;
				GCC_C_LANGUAGE_STANDARD = gnu17;
				GCC_DYNAMIC_NO_PIC = NO;
				GCC_NO_COMMON_BLOCKS = YES;
				GCC_OPTIMIZATION_LEVEL = 0;
				GCC_PREPROCESSOR_DEFINITIONS = (
					"DEBUG=1",
					"$(inherited)",
				);
				GCC_WARN_64_TO_32_BIT_CONVERSION = YES;
				GCC_WARN_ABOUT_RETURN_TYPE = YES_ERROR;
				GCC_WARN_UNDECLARED_SELECTOR = YES;
				GCC_WARN_UNINITIALIZED_AUTOS = YES_AGGRESSIVE;
				GCC_WARN_UNUSED_FUNCTION = YES;
				GCC_WARN_UNUSED_VARIABLE = YES;
				IPHONEOS_DEPLOYMENT_TARGET = 12.0;
				LOCALIZATION_PREFERS_STRING_CATALOGS = YES;
				MTL_ENABLE_DEBUG_INFO = INCLUDE_SOURCE;
				MTL_FAST_MATH = YES;
				ONLY_ACTIVE_ARCH = YES;
				SDKROOT = iphoneos;
				SWIFT_ACTIVE_COMPILATION_CONDITIONS = "DEBUG $(inherited)";
				SWIFT_OPTIMIZATION_LEVEL = "-Onone";
			};
			name = Debug;
		};
		AE2BC80B2C3E58EB00758437 /* Release */ = {
			isa = XCBuildConfiguration;
			buildSettings = {
				ALWAYS_SEARCH_USER_PATHS = NO;
				ASSETCATALOG_COMPILER_GENERATE_SWIFT_ASSET_SYMBOL_EXTENSIONS = YES;
				CLANG_ANALYZER_NONNULL = YES;
				CLANG_ANALYZER_NUMBER_OBJECT_CONVERSION = YES_AGGRESSIVE;
				CLANG_CXX_LANGUAGE_STANDARD = "gnu++20";
				CLANG_ENABLE_MODULES = YES;
				CLANG_ENABLE_OBJC_ARC = YES;
				CLANG_ENABLE_OBJC_WEAK = YES;
				CLANG_WARN_BLOCK_CAPTURE_AUTORELEASING = YES;
				CLANG_WARN_BOOL_CONVERSION = YES;
				CLANG_WARN_COMMA = YES;
				CLANG_WARN_CONSTANT_CONVERSION = YES;
				CLANG_WARN_DEPRECATED_OBJC_IMPLEMENTATIONS = YES;
				CLANG_WARN_DIRECT_OBJC_ISA_USAGE = YES_ERROR;
				CLANG_WARN_DOCUMENTATION_COMMENTS = YES;
				CLANG_WARN_EMPTY_BODY = YES;
				CLANG_WARN_ENUM_CONVERSION = YES;
				CLANG_WARN_INFINITE_RECURSION = YES;
				CLANG_WARN_INT_CONVERSION = YES;
				CLANG_WARN_NON_LITERAL_NULL_CONVERSION = YES;
				CLANG_WARN_OBJC_IMPLICIT_RETAIN_SELF = YES;
				CLANG_WARN_OBJC_LITERAL_CONVERSION = YES;
				CLANG_WARN_OBJC_ROOT_CLASS = YES_ERROR;
				CLANG_WARN_QUOTED_INCLUDE_IN_FRAMEWORK_HEADER = YES;
				CLANG_WARN_RANGE_LOOP_ANALYSIS = YES;
				CLANG_WARN_STRICT_PROTOTYPES = YES;
				CLANG_WARN_SUSPICIOUS_MOVE = YES;
				CLANG_WARN_UNGUARDED_AVAILABILITY = YES_AGGRESSIVE;
				CLANG_WARN_UNREACHABLE_CODE = YES;
				CLANG_WARN__DUPLICATE_METHOD_MATCH = YES;
				COPY_PHASE_STRIP = NO;
				DEBUG_INFORMATION_FORMAT = "dwarf-with-dsym";
				ENABLE_NS_ASSERTIONS = NO;
				ENABLE_STRICT_OBJC_MSGSEND = YES;
				ENABLE_USER_SCRIPT_SANDBOXING = YES;
				GCC_C_LANGUAGE_STANDARD = gnu17;
				GCC_NO_COMMON_BLOCKS = YES;
				GCC_WARN_64_TO_32_BIT_CONVERSION = YES;
				GCC_WARN_ABOUT_RETURN_TYPE = YES_ERROR;
				GCC_WARN_UNDECLARED_SELECTOR = YES;
				GCC_WARN_UNINITIALIZED_AUTOS = YES_AGGRESSIVE;
				GCC_WARN_UNUSED_FUNCTION = YES;
				GCC_WARN_UNUSED_VARIABLE = YES;
				IPHONEOS_DEPLOYMENT_TARGET = 12.0;
				LOCALIZATION_PREFERS_STRING_CATALOGS = YES;
				MTL_ENABLE_DEBUG_INFO = NO;
				MTL_FAST_MATH = YES;
				SDKROOT = iphoneos;
				SWIFT_COMPILATION_MODE = wholemodule;
				VALIDATE_PRODUCT = YES;
			};
			name = Release;
		};
		AE2BC80D2C3E58EB00758437 /* Debug */ = {
			isa = XCBuildConfiguration;
			baseConfigurationReference = D37E3B9BFFB64044C866C0E1 /* Pods-RotatorExample.debug.xcconfig */;
			buildSettings = {
				ASSETCATALOG_COMPILER_APPICON_NAME = AppIcon;
				ASSETCATALOG_COMPILER_GLOBAL_ACCENT_COLOR_NAME = AccentColor;
				CODE_SIGN_STYLE = Automatic;
				CURRENT_PROJECT_VERSION = 1;
				DEVELOPMENT_TEAM = FNZ84EXWE9;
				ENABLE_USER_SCRIPT_SANDBOXING = NO;
				GENERATE_INFOPLIST_FILE = YES;
				INFOPLIST_FILE = RotatorExample/Info.plist;
				INFOPLIST_KEY_UIApplicationSupportsIndirectInputEvents = YES;
				INFOPLIST_KEY_UILaunchStoryboardName = LaunchScreen;
				INFOPLIST_KEY_UIMainStoryboardFile = Main;
				INFOPLIST_KEY_UIRequiresFullScreen = YES;
				INFOPLIST_KEY_UISupportedInterfaceOrientations = UIInterfaceOrientationPortrait;
				IPHONEOS_DEPLOYMENT_TARGET = 13.0;
				LD_RUNPATH_SEARCH_PATHS = (
					"$(inherited)",
					"@executable_path/Frameworks",
				);
				MARKETING_VERSION = 1.0;
				PRODUCT_BUNDLE_IDENTIFIER = com.sfh.RotatorExample;
				PRODUCT_NAME = "$(TARGET_NAME)";
				SWIFT_EMIT_LOC_STRINGS = YES;
				SWIFT_VERSION = 5.0;
				TARGETED_DEVICE_FAMILY = "1,2";
			};
			name = Debug;
		};
		AE2BC80E2C3E58EB00758437 /* Release */ = {
			isa = XCBuildConfiguration;
			baseConfigurationReference = 784F30FEE78B6C6269E2FE9C /* Pods-RotatorExample.release.xcconfig */;
			buildSettings = {
				ASSETCATALOG_COMPILER_APPICON_NAME = AppIcon;
				ASSETCATALOG_COMPILER_GLOBAL_ACCENT_COLOR_NAME = AccentColor;
				CODE_SIGN_STYLE = Automatic;
				CURRENT_PROJECT_VERSION = 1;
				DEVELOPMENT_TEAM = FNZ84EXWE9;
				ENABLE_USER_SCRIPT_SANDBOXING = NO;
				GENERATE_INFOPLIST_FILE = YES;
				INFOPLIST_FILE = RotatorExample/Info.plist;
				INFOPLIST_KEY_UIApplicationSupportsIndirectInputEvents = YES;
				INFOPLIST_KEY_UILaunchStoryboardName = LaunchScreen;
				INFOPLIST_KEY_UIMainStoryboardFile = Main;
				INFOPLIST_KEY_UIRequiresFullScreen = YES;
				INFOPLIST_KEY_UISupportedInterfaceOrientations = UIInterfaceOrientationPortrait;
				IPHONEOS_DEPLOYMENT_TARGET = 13.0;
				LD_RUNPATH_SEARCH_PATHS = (
					"$(inherited)",
					"@executable_path/Frameworks",
				);
				MARKETING_VERSION = 1.0;
				PRODUCT_BUNDLE_IDENTIFIER = com.sfh.RotatorExample;
				PRODUCT_NAME = "$(TARGET_NAME)";
				SWIFT_EMIT_LOC_STRINGS = YES;
				SWIFT_VERSION = 5.0;
				TARGETED_DEVICE_FAMILY = "1,2";
			};
			name = Release;
		};
		AE2BC8102C3E58EB00758437 /* Debug */ = {
			isa = XCBuildConfiguration;
			buildSettings = {
				ALWAYS_EMBED_SWIFT_STANDARD_LIBRARIES = YES;
				BUNDLE_LOADER = "$(TEST_HOST)";
				CODE_SIGN_STYLE = Automatic;
				CURRENT_PROJECT_VERSION = 1;
				DEVELOPMENT_TEAM = FNZ84EXWE9;
				GENERATE_INFOPLIST_FILE = YES;
				IPHONEOS_DEPLOYMENT_TARGET = 12.0;
				MARKETING_VERSION = 1.0;
				PRODUCT_BUNDLE_IDENTIFIER = com.sfh.RotatorExampleTests;
				PRODUCT_NAME = "$(TARGET_NAME)";
				SWIFT_EMIT_LOC_STRINGS = NO;
				SWIFT_VERSION = 5.0;
				TARGETED_DEVICE_FAMILY = "1,2";
				TEST_HOST = "$(BUILT_PRODUCTS_DIR)/RotatorExample.app/$(BUNDLE_EXECUTABLE_FOLDER_PATH)/RotatorExample";
			};
			name = Debug;
		};
		AE2BC8112C3E58EB00758437 /* Release */ = {
			isa = XCBuildConfiguration;
			buildSettings = {
				ALWAYS_EMBED_SWIFT_STANDARD_LIBRARIES = YES;
				BUNDLE_LOADER = "$(TEST_HOST)";
				CODE_SIGN_STYLE = Automatic;
				CURRENT_PROJECT_VERSION = 1;
				DEVELOPMENT_TEAM = FNZ84EXWE9;
				GENERATE_INFOPLIST_FILE = YES;
				IPHONEOS_DEPLOYMENT_TARGET = 12.0;
				MARKETING_VERSION = 1.0;
				PRODUCT_BUNDLE_IDENTIFIER = com.sfh.RotatorExampleTests;
				PRODUCT_NAME = "$(TARGET_NAME)";
				SWIFT_EMIT_LOC_STRINGS = NO;
				SWIFT_VERSION = 5.0;
				TARGETED_DEVICE_FAMILY = "1,2";
				TEST_HOST = "$(BUILT_PRODUCTS_DIR)/RotatorExample.app/$(BUNDLE_EXECUTABLE_FOLDER_PATH)/RotatorExample";
			};
			name = Release;
		};
		AE2BC8132C3E58EB00758437 /* Debug */ = {
			isa = XCBuildConfiguration;
			buildSettings = {
				ALWAYS_EMBED_SWIFT_STANDARD_LIBRARIES = YES;
				CODE_SIGN_STYLE = Automatic;
				CURRENT_PROJECT_VERSION = 1;
				DEVELOPMENT_TEAM = FNZ84EXWE9;
				GENERATE_INFOPLIST_FILE = YES;
				IPHONEOS_DEPLOYMENT_TARGET = 12.0;
				MARKETING_VERSION = 1.0;
				PRODUCT_BUNDLE_IDENTIFIER = com.sfh.RotatorExampleUITests;
				PRODUCT_NAME = "$(TARGET_NAME)";
				SWIFT_EMIT_LOC_STRINGS = NO;
				SWIFT_VERSION = 5.0;
				TARGETED_DEVICE_FAMILY = "1,2";
				TEST_TARGET_NAME = RotatorExample;
			};
			name = Debug;
		};
		AE2BC8142C3E58EB00758437 /* Release */ = {
			isa = XCBuildConfiguration;
			buildSettings = {
				ALWAYS_EMBED_SWIFT_STANDARD_LIBRARIES = YES;
				CODE_SIGN_STYLE = Automatic;
				CURRENT_PROJECT_VERSION = 1;
				DEVELOPMENT_TEAM = FNZ84EXWE9;
				GENERATE_INFOPLIST_FILE = YES;
				IPHONEOS_DEPLOYMENT_TARGET = 12.0;
				MARKETING_VERSION = 1.0;
				PRODUCT_BUNDLE_IDENTIFIER = com.sfh.RotatorExampleUITests;
				PRODUCT_NAME = "$(TARGET_NAME)";
				SWIFT_EMIT_LOC_STRINGS = NO;
				SWIFT_VERSION = 5.0;
				TARGETED_DEVICE_FAMILY = "1,2";
				TEST_TARGET_NAME = RotatorExample;
			};
			name = Release;
		};
/* End XCBuildConfiguration section */

/* Begin XCConfigurationList section */
		AE2BC7DD2C3E58EA00758437 /* Build configuration list for PBXProject "RotatorExample" */ = {
			isa = XCConfigurationList;
			buildConfigurations = (
				AE2BC80A2C3E58EB00758437 /* Debug */,
				AE2BC80B2C3E58EB00758437 /* Release */,
			);
			defaultConfigurationIsVisible = 0;
			defaultConfigurationName = Release;
		};
		AE2BC80C2C3E58EB00758437 /* Build configuration list for PBXNativeTarget "RotatorExample" */ = {
			isa = XCConfigurationList;
			buildConfigurations = (
				AE2BC80D2C3E58EB00758437 /* Debug */,
				AE2BC80E2C3E58EB00758437 /* Release */,
			);
			defaultConfigurationIsVisible = 0;
			defaultConfigurationName = Release;
		};
		AE2BC80F2C3E58EB00758437 /* Build configuration list for PBXNativeTarget "RotatorExampleTests" */ = {
			isa = XCConfigurationList;
			buildConfigurations = (
				AE2BC8102C3E58EB00758437 /* Debug */,
				AE2BC8112C3E58EB00758437 /* Release */,
			);
			defaultConfigurationIsVisible = 0;
			defaultConfigurationName = Release;
		};
		AE2BC8122C3E58EB00758437 /* Build configuration list for PBXNativeTarget "RotatorExampleUITests" */ = {
			isa = XCConfigurationList;
			buildConfigurations = (
				AE2BC8132C3E58EB00758437 /* Debug */,
				AE2BC8142C3E58EB00758437 /* Release */,
			);
			defaultConfigurationIsVisible = 0;
			defaultConfigurationName = Release;
		};
/* End XCConfigurationList section */
	};
	rootObject = AE2BC7DA2C3E58EA00758437 /* Project object */;
}
